
Microsoft Visual Studio Solution File, Format Version 12.00
# Visual Studio Version 16
VisualStudioVersion = 16.0.30114.105
MinimumVisualStudioVersion = 10.0.40219.1
Project("{FAE04EC0-301F-11D3-BF4B-00C04F79EFBC}") = "PlasmaPurgatory", "PlasmaPurgatory\PlasmaPurgatory.csproj", "{0C76F9E9-D916-4E0E-9BF1-8A3B995126CD}"
EndProject
Project("{FAE04EC0-301F-11D3-BF4B-00C04F79EFBC}") = "Tests", "Tests\Tests.csproj", "{CD0F6C1D-8D53-42F3-85AD-0349513A3C48}"
EndProject
Global
	GlobalSection(SolutionConfigurationPlatforms) = preSolution
		Debug|Any CPU = Debug|Any CPU
		Release|Any CPU = Release|Any CPU
	EndGlobalSection
	GlobalSection(SolutionProperties) = preSolution
		HideSolutionNode = FALSE
	EndGlobalSection
	GlobalSection(ProjectConfigurationPlatforms) = postSolution
		{0C76F9E9-D916-4E0E-9BF1-8A3B995126CD}.Debug|Any CPU.ActiveCfg = Debug|Any CPU
		{0C76F9E9-D916-4E0E-9BF1-8A3B995126CD}.Debug|Any CPU.Build.0 = Debug|Any CPU
		{0C76F9E9-D916-4E0E-9BF1-8A3B995126CD}.Release|Any CPU.ActiveCfg = Release|Any CPU
		{0C76F9E9-D916-4E0E-9BF1-8A3B995126CD}.Release|Any CPU.Build.0 = Release|Any CPU
		{CD0F6C1D-8D53-42F3-85AD-0349513A3C48}.Debug|Any CPU.ActiveCfg = Debug|Any CPU
		{CD0F6C1D-8D53-42F3-85AD-0349513A3C48}.Debug|Any CPU.Build.0 = Debug|Any CPU
		{CD0F6C1D-8D53-42F3-85AD-0349513A3C48}.Release|Any CPU.ActiveCfg = Release|Any CPU
		{CD0F6C1D-8D53-42F3-85AD-0349513A3C48}.Release|Any CPU.Build.0 = Release|Any CPU
	EndGlobalSection
EndGlobal
